
Microsoft Visual Studio Solution File, Format Version 11.00
# Visual Studio 2010
Project("{FAE04EC0-301F-11D3-BF4B-00C04F79EFBC}") = "Assembly-CSharp-firstpass", "Assembly-CSharp-firstpass.csproj", "{d959c113-2ee1-4fce-fbb4-b8ed81027449}"
EndProject
Project("{FAE04EC0-301F-11D3-BF4B-00C04F79EFBC}") = "Assembly-CSharp", "Assembly-CSharp.csproj", "{8675bee6-f34b-3afd-e315-5de40a760405}"
EndProject
Global
	GlobalSection(SolutionConfigurationPlatforms) = preSolution
		Debug|Any CPU = Debug|Any CPU
	EndGlobalSection
	GlobalSection(ProjectConfigurationPlatforms) = postSolution
		{d959c113-2ee1-4fce-fbb4-b8ed81027449}.Debug|Any CPU.ActiveCfg = Debug|Any CPU
		{d959c113-2ee1-4fce-fbb4-b8ed81027449}.Debug|Any CPU.Build.0 = Debug|Any CPU
		{8675bee6-f34b-3afd-e315-5de40a760405}.Debug|Any CPU.ActiveCfg = Debug|Any CPU
		{8675bee6-f34b-3afd-e315-5de40a760405}.Debug|Any CPU.Build.0 = Debug|Any CPU
	EndGlobalSection
	GlobalSection(SolutionProperties) = preSolution
		HideSolutionNode = FALSE
	EndGlobalSection
EndGlobal
